
Microsoft Visual Studio Solution File, Format Version 12.00
# Visual Studio Version 17
VisualStudioVersion = 17.5.2.0
MinimumVisualStudioVersion = 10.0.40219.1
Project("{2150E333-8FDC-42A3-9474-1A3956D46DE8}") = "server", "server", "{DAD03CFC-D5FA-AC94-41C7-9ABAB326F09E}"
EndProject
Project("{FAE04EC0-301F-11D3-BF4B-00C04F79EFBC}") = "TaskManagement", "server\TaskManagement.csproj", "{CEC41B90-8F55-4614-9E39-4F9F4922121E}"
EndProject
Global
	GlobalSection(SolutionConfigurationPlatforms) = preSolution
		Debug|Any CPU = Debug|Any CPU
		Debug|x64 = Debug|x64
		Debug|x86 = Debug|x86
		Release|Any CPU = Release|Any CPU
		Release|x64 = Release|x64
		Release|x86 = Release|x86
	EndGlobalSection
	GlobalSection(ProjectConfigurationPlatforms) = postSolution
		{CEC41B90-8F55-4614-9E39-4F9F4922121E}.Debug|Any CPU.ActiveCfg = Debug|Any CPU
		{CEC41B90-8F55-4614-9E39-4F9F4922121E}.Debug|Any CPU.Build.0 = Debug|Any CPU
		{CEC41B90-8F55-4614-9E39-4F9F4922121E}.Debug|x64.ActiveCfg = Debug|Any CPU
		{CEC41B90-8F55-4614-9E39-4F9F4922121E}.Debug|x64.Build.0 = Debug|Any CPU
		{CEC41B90-8F55-4614-9E39-4F9F4922121E}.Debug|x86.ActiveCfg = Debug|Any CPU
		{CEC41B90-8F55-4614-9E39-4F9F4922121E}.Debug|x86.Build.0 = Debug|Any CPU
		{CEC41B90-8F55-4614-9E39-4F9F4922121E}.Release|Any CPU.ActiveCfg = Release|Any CPU
		{CEC41B90-8F55-4614-9E39-4F9F4922121E}.Release|Any CPU.Build.0 = Release|Any CPU
		{CEC41B90-8F55-4614-9E39-4F9F4922121E}.Release|x64.ActiveCfg = Release|Any CPU
		{CEC41B90-8F55-4614-9E39-4F9F4922121E}.Release|x64.Build.0 = Release|Any CPU
		{CEC41B90-8F55-4614-9E39-4F9F4922121E}.Release|x86.ActiveCfg = Release|Any CPU
		{CEC41B90-8F55-4614-9E39-4F9F4922121E}.Release|x86.Build.0 = Release|Any CPU
	EndGlobalSection
	GlobalSection(SolutionProperties) = preSolution
		HideSolutionNode = FALSE
	EndGlobalSection
	GlobalSection(NestedProjects) = preSolution
		{CEC41B90-8F55-4614-9E39-4F9F4922121E} = {DAD03CFC-D5FA-AC94-41C7-9ABAB326F09E}
	EndGlobalSection
	GlobalSection(ExtensibilityGlobals) = postSolution
		SolutionGuid = {0CC55966-DEBA-4EA0-B97B-A2B09A924D35}
	EndGlobalSection
EndGlobal
